{
  "name": "app-demo",
  "version": "1.0.0",
  "lockfileVersion": 3,
  "requires": true,
  "packages": {
    "": {
      "name": "app-demo",
      "version": "1.0.0",
      "devDependencies": {
        "aruna-winsvc": "^1.0.0"
      }
    },
    "node_modules/aruna-winsvc": {
      "version": "1.0.0",
      "resolved": "https://registry.npmjs.org/aruna-winsvc/-/aruna-winsvc-1.0.0.tgz",
      "integrity": "sha512-1ll2E7aRudKaxnqrCp9hHKKSQcR3t+vMCRLwzNPiqftC7MPTJ6hQLAqGmDzplaCYX7ASd6GvmQ65HFYHBG5qeg==",
      "dev": true,
      "license": "MIT",
      "os": [
        "win32"
      ],
      "bin": {
        "aruna": "dist/main.js",
        "aruna-winsvc": "dist/main.js"
      },
      "engines": {
        "node": ">=18.0.0"
      }
    }
  }
}
